
Microsoft Visual Studio Solution File, Format Version 12.00
# Visual Studio 14
VisualStudioVersion = 14.0.25420.1
MinimumVisualStudioVersion = 10.0.40219.1
Project("{FAE04EC0-301F-11D3-BF4B-00C04F79EFBC}") = "InterviewConsole", "InterviewConsole\InterviewConsole.csproj", "{864DE593-43E7-402D-A654-DF50058D2BBA}"
EndProject
Project("{FAE04EC0-301F-11D3-BF4B-00C04F79EFBC}") = "EmployeeService", "EmployeeService\EmployeeService.csproj", "{80446DAE-C95C-4208-9BB4-A2064ED0BA43}"
EndProject
Global
	GlobalSection(SolutionConfigurationPlatforms) = preSolution
		Debug|Any CPU = Debug|Any CPU
		Release|Any CPU = Release|Any CPU
	EndGlobalSection
	GlobalSection(ProjectConfigurationPlatforms) = postSolution
		{864DE593-43E7-402D-A654-DF50058D2BBA}.Debug|Any CPU.ActiveCfg = Debug|Any CPU
		{864DE593-43E7-402D-A654-DF50058D2BBA}.Debug|Any CPU.Build.0 = Debug|Any CPU
		{864DE593-43E7-402D-A654-DF50058D2BBA}.Release|Any CPU.ActiveCfg = Release|Any CPU
		{864DE593-43E7-402D-A654-DF50058D2BBA}.Release|Any CPU.Build.0 = Release|Any CPU
		{80446DAE-C95C-4208-9BB4-A2064ED0BA43}.Debug|Any CPU.ActiveCfg = Debug|Any CPU
		{80446DAE-C95C-4208-9BB4-A2064ED0BA43}.Debug|Any CPU.Build.0 = Debug|Any CPU
		{80446DAE-C95C-4208-9BB4-A2064ED0BA43}.Release|Any CPU.ActiveCfg = Release|Any CPU
		{80446DAE-C95C-4208-9BB4-A2064ED0BA43}.Release|Any CPU.Build.0 = Release|Any CPU
	EndGlobalSection
	GlobalSection(SolutionProperties) = preSolution
		HideSolutionNode = FALSE
	EndGlobalSection
EndGlobal
